
Microsoft Visual Studio Solution File, Format Version 12.00
# Visual Studio Version 17
VisualStudioVersion = 17.8.34525.116
MinimumVisualStudioVersion = 10.0.40219.1
Project("{9A19103F-16F7-4668-BE54-9A1E7A4F7556}") = "TimeSenderUdpClient", "TimeSenderUdpClient\TimeSenderUdpClient.csproj", "{652742AD-511F-4B5F-A460-EE3DACA137D2}"
EndProject
Project("{9A19103F-16F7-4668-BE54-9A1E7A4F7556}") = "TimeSenderServer", "TimeSenderServer\TimeSenderServer.csproj", "{428B0699-D582-4642-9DAE-118CD0D98727}"
EndProject
Global
	GlobalSection(SolutionConfigurationPlatforms) = preSolution
		Debug|Any CPU = Debug|Any CPU
		Release|Any CPU = Release|Any CPU
	EndGlobalSection
	GlobalSection(ProjectConfigurationPlatforms) = postSolution
		{652742AD-511F-4B5F-A460-EE3DACA137D2}.Debug|Any CPU.ActiveCfg = Debug|Any CPU
		{652742AD-511F-4B5F-A460-EE3DACA137D2}.Debug|Any CPU.Build.0 = Debug|Any CPU
		{652742AD-511F-4B5F-A460-EE3DACA137D2}.Release|Any CPU.ActiveCfg = Release|Any CPU
		{652742AD-511F-4B5F-A460-EE3DACA137D2}.Release|Any CPU.Build.0 = Release|Any CPU
		{428B0699-D582-4642-9DAE-118CD0D98727}.Debug|Any CPU.ActiveCfg = Debug|Any CPU
		{428B0699-D582-4642-9DAE-118CD0D98727}.Debug|Any CPU.Build.0 = Debug|Any CPU
		{428B0699-D582-4642-9DAE-118CD0D98727}.Release|Any CPU.ActiveCfg = Release|Any CPU
		{428B0699-D582-4642-9DAE-118CD0D98727}.Release|Any CPU.Build.0 = Release|Any CPU
	EndGlobalSection
	GlobalSection(SolutionProperties) = preSolution
		HideSolutionNode = FALSE
	EndGlobalSection
	GlobalSection(ExtensibilityGlobals) = postSolution
		SolutionGuid = {53CDD49D-8CB9-4076-A9C7-F38CE903D14A}
	EndGlobalSection
EndGlobal
